
Microsoft Visual Studio Solution File, Format Version 12.00
# Visual Studio Version 17
VisualStudioVersion = 17.14.37203.1 d17.14
MinimumVisualStudioVersion = 10.0.40219.1
Project("{FAE04EC0-301F-11D3-BF4B-00C04F79EFBC}") = "SharedMailbox.Core", "SharedMailbox.Core\SharedMailbox.Core.csproj", "{3ED4790D-6CA2-4666-9727-634626148AEF}"
EndProject
Project("{FAE04EC0-301F-11D3-BF4B-00C04F79EFBC}") = "SharedMailbox.PowerShell", "SharedMailbox.PowerShell\SharedMailbox.PowerShell.csproj", "{82D53928-E766-47F3-8857-C8F187524EAE}"
EndProject
Project("{FAE04EC0-301F-11D3-BF4B-00C04F79EFBC}") = "SharedMailbox.App", "SharedMailbox.App\SharedMailbox.App.csproj", "{987F6C13-7F59-4A19-A001-E7066700DC4E}"
EndProject
Project("{FAE04EC0-301F-11D3-BF4B-00C04F79EFBC}") = "SharedMailbox.ConfigBuilder", "SharedMailbox.ConfigBuilder\SharedMailbox.ConfigBuilder.csproj", "{94AF95D7-69CA-4DED-88AC-FFC021069FBC}"
EndProject
Project("{FAE04EC0-301F-11D3-BF4B-00C04F79EFBC}") = "SharedMailbox.Tests", "SharedMailbox.Tests\SharedMailbox.Tests.csproj", "{2FF3993C-3B90-4EB9-A28B-1952B114F0CE}"
EndProject
Global
	GlobalSection(SolutionConfigurationPlatforms) = preSolution
		Debug|Any CPU = Debug|Any CPU
		Release|Any CPU = Release|Any CPU
	EndGlobalSection
	GlobalSection(ProjectConfigurationPlatforms) = postSolution
		{3ED4790D-6CA2-4666-9727-634626148AEF}.Debug|Any CPU.ActiveCfg = Debug|Any CPU
		{3ED4790D-6CA2-4666-9727-634626148AEF}.Debug|Any CPU.Build.0 = Debug|Any CPU
		{3ED4790D-6CA2-4666-9727-634626148AEF}.Release|Any CPU.ActiveCfg = Release|Any CPU
		{3ED4790D-6CA2-4666-9727-634626148AEF}.Release|Any CPU.Build.0 = Release|Any CPU
		{82D53928-E766-47F3-8857-C8F187524EAE}.Debug|Any CPU.ActiveCfg = Debug|Any CPU
		{82D53928-E766-47F3-8857-C8F187524EAE}.Debug|Any CPU.Build.0 = Debug|Any CPU
		{82D53928-E766-47F3-8857-C8F187524EAE}.Release|Any CPU.ActiveCfg = Release|Any CPU
		{82D53928-E766-47F3-8857-C8F187524EAE}.Release|Any CPU.Build.0 = Release|Any CPU
		{987F6C13-7F59-4A19-A001-E7066700DC4E}.Debug|Any CPU.ActiveCfg = Debug|Any CPU
		{987F6C13-7F59-4A19-A001-E7066700DC4E}.Debug|Any CPU.Build.0 = Debug|Any CPU
		{987F6C13-7F59-4A19-A001-E7066700DC4E}.Release|Any CPU.ActiveCfg = Release|Any CPU
		{987F6C13-7F59-4A19-A001-E7066700DC4E}.Release|Any CPU.Build.0 = Release|Any CPU
		{94AF95D7-69CA-4DED-88AC-FFC021069FBC}.Debug|Any CPU.ActiveCfg = Debug|Any CPU
		{94AF95D7-69CA-4DED-88AC-FFC021069FBC}.Debug|Any CPU.Build.0 = Debug|Any CPU
		{94AF95D7-69CA-4DED-88AC-FFC021069FBC}.Release|Any CPU.ActiveCfg = Release|Any CPU
		{94AF95D7-69CA-4DED-88AC-FFC021069FBC}.Release|Any CPU.Build.0 = Release|Any CPU
		{2FF3993C-3B90-4EB9-A28B-1952B114F0CE}.Debug|Any CPU.ActiveCfg = Debug|Any CPU
		{2FF3993C-3B90-4EB9-A28B-1952B114F0CE}.Debug|Any CPU.Build.0 = Debug|Any CPU
		{2FF3993C-3B90-4EB9-A28B-1952B114F0CE}.Release|Any CPU.ActiveCfg = Release|Any CPU
		{2FF3993C-3B90-4EB9-A28B-1952B114F0CE}.Release|Any CPU.Build.0 = Release|Any CPU
	EndGlobalSection
	GlobalSection(SolutionProperties) = preSolution
		HideSolutionNode = FALSE
	EndGlobalSection
	GlobalSection(ExtensibilityGlobals) = postSolution
		SolutionGuid = {8D0B3D5C-A729-4D90-BF88-D2A0D51EE039}
	EndGlobalSection
EndGlobal
